
Microsoft Visual Studio Solution File, Format Version 12.00
# Visual Studio Version 17
VisualStudioVersion = 17.5.002.0
MinimumVisualStudioVersion = 10.0.40219.1
Project("{9A19103F-16F7-4668-BE54-9A1E7A4F7556}") = "Topdownspel", "Topdownspel.csproj", "{C14359CE-A5AD-4D7E-94D0-722732DF1595}"
EndProject
Global
	GlobalSection(SolutionConfigurationPlatforms) = preSolution
		Debug|Any CPU = Debug|Any CPU
		Release|Any CPU = Release|Any CPU
	EndGlobalSection
	GlobalSection(ProjectConfigurationPlatforms) = postSolution
		{C14359CE-A5AD-4D7E-94D0-722732DF1595}.Debug|Any CPU.ActiveCfg = Debug|Any CPU
		{C14359CE-A5AD-4D7E-94D0-722732DF1595}.Debug|Any CPU.Build.0 = Debug|Any CPU
		{C14359CE-A5AD-4D7E-94D0-722732DF1595}.Release|Any CPU.ActiveCfg = Release|Any CPU
		{C14359CE-A5AD-4D7E-94D0-722732DF1595}.Release|Any CPU.Build.0 = Release|Any CPU
	EndGlobalSection
	GlobalSection(SolutionProperties) = preSolution
		HideSolutionNode = FALSE
	EndGlobalSection
	GlobalSection(ExtensibilityGlobals) = postSolution
		SolutionGuid = {5C2D7355-6F5E-4518-95FD-9A72C634F2CF}
	EndGlobalSection
EndGlobal
